// !$*UTF8*$!
{
	archiveVersion = 1;
	classes = {
	};
	objectVersion = 56;
	objects = {

/* Begin PBXBuildFile section */
		67366970292825FA002F715E /* AppreciateTips.swift in Sources */ = {isa = PBXBuildFile; fileRef = 6736696F292825FA002F715E /* AppreciateTips.swift */; };
		6737C1D22937D819005F76DC /* MealTypeButton.swift in Sources */ = {isa = PBXBuildFile; fileRef = 6737C1D12937D819005F76DC /* MealTypeButton.swift */; };
		6737C1D42938155F005F76DC /* Advice.swift in Sources */ = {isa = PBXBuildFile; fileRef = 6737C1D32938155F005F76DC /* Advice.swift */; };
		6737C1D729384C9A005F76DC /* MealDAO.swift in Sources */ = {isa = PBXBuildFile; fileRef = 6737C1D629384C9A005F76DC /* MealDAO.swift */; };
		6765BCE729281F14003E3442 /* DefaultButtonView.swift in Sources */ = {isa = PBXBuildFile; fileRef = 6765BCE629281F14003E3442 /* DefaultButtonView.swift */; };
		6766E840292D62B90008949A /* Assets.xcassets in Resources */ = {isa = PBXBuildFile; fileRef = 86B47AB829197D0B0095B1FA /* Assets.xcassets */; };
		6766E84229367E0D0008949A /* Meal.swift in Sources */ = {isa = PBXBuildFile; fileRef = 6766E84129367E0D0008949A /* Meal.swift */; };
		6766E844293685D00008949A /* MealType.swift in Sources */ = {isa = PBXBuildFile; fileRef = 6766E843293685D00008949A /* MealType.swift */; };
		6766E846293687C70008949A /* EatingAdvice.swift in Sources */ = {isa = PBXBuildFile; fileRef = 6766E845293687C70008949A /* EatingAdvice.swift */; };
		6766E84829369D530008949A /* HomeView.swift in Sources */ = {isa = PBXBuildFile; fileRef = 6766E84729369D530008949A /* HomeView.swift */; };
		67704E412926B49100CC0FB5 /* EatingTime.swift in Sources */ = {isa = PBXBuildFile; fileRef = 67704E402926B49100CC0FB5 /* EatingTime.swift */; };
		67704E432926BE0900CC0FB5 /* TimeInterval+Minutes.swift in Sources */ = {isa = PBXBuildFile; fileRef = 67704E422926BE0900CC0FB5 /* TimeInterval+Minutes.swift */; };
		868629F7291EBD1100EC7B2C /* ReminderView.swift in Sources */ = {isa = PBXBuildFile; fileRef = 868629F6291EBD1100EC7B2C /* ReminderView.swift */; };
		86B47AB029197D0A0095B1FA /* Appreciate.app in Embed Watch Content */ = {isa = PBXBuildFile; fileRef = 86B47AAF29197D0A0095B1FA /* Appreciate.app */; settings = {ATTRIBUTES = (RemoveHeadersOnCopy, ); }; };
		86B47AB529197D0A0095B1FA /* Challenge_Apple_WatchApp.swift in Sources */ = {isa = PBXBuildFile; fileRef = 86B47AB429197D0A0095B1FA /* Challenge_Apple_WatchApp.swift */; };
		86B47AB729197D0A0095B1FA /* AnimationView.swift in Sources */ = {isa = PBXBuildFile; fileRef = 86B47AB629197D0A0095B1FA /* AnimationView.swift */; };
		86B47AB929197D0B0095B1FA /* Assets.xcassets in Resources */ = {isa = PBXBuildFile; fileRef = 86B47AB829197D0B0095B1FA /* Assets.xcassets */; };
		86B47ABC29197D0B0095B1FA /* Preview Assets.xcassets in Resources */ = {isa = PBXBuildFile; fileRef = 86B47ABB29197D0B0095B1FA /* Preview Assets.xcassets */; };
		9F11D201292741EB00AD752E /* TesteView.swift in Sources */ = {isa = PBXBuildFile; fileRef = 9F11D200292741EB00AD752E /* TesteView.swift */; };
		9F11D203292745DB00AD752E /* Image+AppImages.swift in Sources */ = {isa = PBXBuildFile; fileRef = 9F11D202292745DB00AD752E /* Image+AppImages.swift */; };
		9F2B6439291ED1CC008BA2DB /* StopEatingView.swift in Sources */ = {isa = PBXBuildFile; fileRef = 9F2B6438291ED1CC008BA2DB /* StopEatingView.swift */; };
		9F2FF0F329218B7C00D87E45 /* SuggestionView.swift in Sources */ = {isa = PBXBuildFile; fileRef = 9F2FF0F229218B7C00D87E45 /* SuggestionView.swift */; };
		9F7B143029256390008EAFA8 /* Color+AppColors.swift in Sources */ = {isa = PBXBuildFile; fileRef = 9F7B142F29256390008EAFA8 /* Color+AppColors.swift */; };
		9FF543332925737F00EE7A0B /* TransitionView.swift in Sources */ = {isa = PBXBuildFile; fileRef = 9FF543322925737F00EE7A0B /* TransitionView.swift */; };
/* End PBXBuildFile section */

/* Begin PBXContainerItemProxy section */
		86B47AB129197D0A0095B1FA /* PBXContainerItemProxy */ = {
			isa = PBXContainerItemProxy;
			containerPortal = 86B47AA329197D0A0095B1FA /* Project object */;
			proxyType = 1;
			remoteGlobalIDString = 86B47AAE29197D0A0095B1FA;
			remoteInfo = "Challenge_Apple_Watch Watch App";
		};
/* End PBXContainerItemProxy section */

/* Begin PBXCopyFilesBuildPhase section */
		86B47AC229197D0B0095B1FA /* Embed Watch Content */ = {
			isa = PBXCopyFilesBuildPhase;
			buildActionMask = 2147483647;
			dstPath = "$(CONTENTS_FOLDER_PATH)/Watch";
			dstSubfolderSpec = 16;
			files = (
				86B47AB029197D0A0095B1FA /* Appreciate.app in Embed Watch Content */,
			);
			name = "Embed Watch Content";
			runOnlyForDeploymentPostprocessing = 0;
		};
/* End PBXCopyFilesBuildPhase section */

/* Begin PBXFileReference section */
		6736696F292825FA002F715E /* AppreciateTips.swift */ = {isa = PBXFileReference; lastKnownFileType = sourcecode.swift; path = AppreciateTips.swift; sourceTree = "<group>"; };
		6737C1D12937D819005F76DC /* MealTypeButton.swift */ = {isa = PBXFileReference; lastKnownFileType = sourcecode.swift; path = MealTypeButton.swift; sourceTree = "<group>"; };
		6737C1D32938155F005F76DC /* Advice.swift */ = {isa = PBXFileReference; lastKnownFileType = sourcecode.swift; path = Advice.swift; sourceTree = "<group>"; };
		6737C1D629384C9A005F76DC /* MealDAO.swift */ = {isa = PBXFileReference; lastKnownFileType = sourcecode.swift; path = MealDAO.swift; sourceTree = "<group>"; };
		6765BCE629281F14003E3442 /* DefaultButtonView.swift */ = {isa = PBXFileReference; lastKnownFileType = sourcecode.swift; path = DefaultButtonView.swift; sourceTree = "<group>"; };
		6766E84129367E0D0008949A /* Meal.swift */ = {isa = PBXFileReference; lastKnownFileType = sourcecode.swift; path = Meal.swift; sourceTree = "<group>"; };
		6766E843293685D00008949A /* MealType.swift */ = {isa = PBXFileReference; lastKnownFileType = sourcecode.swift; path = MealType.swift; sourceTree = "<group>"; };
		6766E845293687C70008949A /* EatingAdvice.swift */ = {isa = PBXFileReference; lastKnownFileType = sourcecode.swift; path = EatingAdvice.swift; sourceTree = "<group>"; };
		6766E84729369D530008949A /* HomeView.swift */ = {isa = PBXFileReference; lastKnownFileType = sourcecode.swift; path = HomeView.swift; sourceTree = "<group>"; };
		67704E402926B49100CC0FB5 /* EatingTime.swift */ = {isa = PBXFileReference; lastKnownFileType = sourcecode.swift; path = EatingTime.swift; sourceTree = "<group>"; };
		67704E422926BE0900CC0FB5 /* TimeInterval+Minutes.swift */ = {isa = PBXFileReference; lastKnownFileType = sourcecode.swift; path = "TimeInterval+Minutes.swift"; sourceTree = "<group>"; };
		868629F6291EBD1100EC7B2C /* ReminderView.swift */ = {isa = PBXFileReference; lastKnownFileType = sourcecode.swift; path = ReminderView.swift; sourceTree = "<group>"; };
		86B47AA929197D0A0095B1FA /* Challenge_Apple_Watch.app */ = {isa = PBXFileReference; explicitFileType = wrapper.application; includeInIndex = 0; path = Challenge_Apple_Watch.app; sourceTree = BUILT_PRODUCTS_DIR; };
		86B47AAF29197D0A0095B1FA /* Appreciate.app */ = {isa = PBXFileReference; explicitFileType = wrapper.application; includeInIndex = 0; path = Appreciate.app; sourceTree = BUILT_PRODUCTS_DIR; };
		86B47AB429197D0A0095B1FA /* Challenge_Apple_WatchApp.swift */ = {isa = PBXFileReference; lastKnownFileType = sourcecode.swift; path = Challenge_Apple_WatchApp.swift; sourceTree = "<group>"; };
		86B47AB629197D0A0095B1FA /* AnimationView.swift */ = {isa = PBXFileReference; lastKnownFileType = sourcecode.swift; path = AnimationView.swift; sourceTree = "<group>"; };
		86B47AB829197D0B0095B1FA /* Assets.xcassets */ = {isa = PBXFileReference; lastKnownFileType = folder.assetcatalog; path = Assets.xcassets; sourceTree = "<group>"; };
		86B47ABB29197D0B0095B1FA /* Preview Assets.xcassets */ = {isa = PBXFileReference; lastKnownFileType = folder.assetcatalog; path = "Preview Assets.xcassets"; sourceTree = "<group>"; };
		9F11D200292741EB00AD752E /* TesteView.swift */ = {isa = PBXFileReference; lastKnownFileType = sourcecode.swift; path = TesteView.swift; sourceTree = "<group>"; };
		9F11D202292745DB00AD752E /* Image+AppImages.swift */ = {isa = PBXFileReference; lastKnownFileType = sourcecode.swift; path = "Image+AppImages.swift"; sourceTree = "<group>"; };
		9F2B6438291ED1CC008BA2DB /* StopEatingView.swift */ = {isa = PBXFileReference; lastKnownFileType = sourcecode.swift; path = StopEatingView.swift; sourceTree = "<group>"; };
		9F2FF0F229218B7C00D87E45 /* SuggestionView.swift */ = {isa = PBXFileReference; fileEncoding = 4; lastKnownFileType = sourcecode.swift; path = SuggestionView.swift; sourceTree = "<group>"; };
		9F7B142F29256390008EAFA8 /* Color+AppColors.swift */ = {isa = PBXFileReference; lastKnownFileType = sourcecode.swift; path = "Color+AppColors.swift"; sourceTree = "<group>"; };
		9FF543322925737F00EE7A0B /* TransitionView.swift */ = {isa = PBXFileReference; lastKnownFileType = sourcecode.swift; path = TransitionView.swift; sourceTree = "<group>"; };
/* End PBXFileReference section */

/* Begin PBXFrameworksBuildPhase section */
		86B47AAC29197D0A0095B1FA /* Frameworks */ = {
			isa = PBXFrameworksBuildPhase;
			buildActionMask = 2147483647;
			files = (
			);
			runOnlyForDeploymentPostprocessing = 0;
		};
/* End PBXFrameworksBuildPhase section */

/* Begin PBXGroup section */
		6736696C292825A9002F715E /* Recovered References */ = {
			isa = PBXGroup;
			children = (
			);
			name = "Recovered References";
			sourceTree = "<group>";
		};
		6737C1D529384C8C005F76DC /* DAO */ = {
			isa = PBXGroup;
			children = (
				6737C1D629384C9A005F76DC /* MealDAO.swift */,
			);
			path = DAO;
			sourceTree = "<group>";
		};
		6737C1D829385134005F76DC /* Meal */ = {
			isa = PBXGroup;
			children = (
				6766E84129367E0D0008949A /* Meal.swift */,
				6766E843293685D00008949A /* MealType.swift */,
				67704E402926B49100CC0FB5 /* EatingTime.swift */,
				6737C1D32938155F005F76DC /* Advice.swift */,
				6766E845293687C70008949A /* EatingAdvice.swift */,
			);
			path = Meal;
			sourceTree = "<group>";
		};
		67704E48292803F900CC0FB5 /* Models */ = {
			isa = PBXGroup;
			children = (
				6737C1D829385134005F76DC /* Meal */,
				6736696F292825FA002F715E /* AppreciateTips.swift */,
			);
			path = Models;
			sourceTree = "<group>";
		};
		86B47AA229197D0A0095B1FA = {
			isa = PBXGroup;
			children = (
				86B47AB329197D0A0095B1FA /* Challenge_Apple_Watch Watch App */,
				86B47AAA29197D0A0095B1FA /* Products */,
				6736696C292825A9002F715E /* Recovered References */,
			);
			sourceTree = "<group>";
		};
		86B47AAA29197D0A0095B1FA /* Products */ = {
			isa = PBXGroup;
			children = (
				86B47AA929197D0A0095B1FA /* Challenge_Apple_Watch.app */,
				86B47AAF29197D0A0095B1FA /* Appreciate.app */,
			);
			name = Products;
			sourceTree = "<group>";
		};
		86B47AB329197D0A0095B1FA /* Challenge_Apple_Watch Watch App */ = {
			isa = PBXGroup;
			children = (
				6737C1D529384C8C005F76DC /* DAO */,
				67704E48292803F900CC0FB5 /* Models */,
				9FE5DA0229266B7B0008CB21 /* Views */,
				9F7B143229256790008EAFA8 /* Extensions */,
				86B47AB429197D0A0095B1FA /* Challenge_Apple_WatchApp.swift */,
				86B47AB829197D0B0095B1FA /* Assets.xcassets */,
				86B47ABA29197D0B0095B1FA /* Preview Content */,
			);
			path = "Challenge_Apple_Watch Watch App";
			sourceTree = "<group>";
		};
		86B47ABA29197D0B0095B1FA /* Preview Content */ = {
			isa = PBXGroup;
			children = (
				86B47ABB29197D0B0095B1FA /* Preview Assets.xcassets */,
			);
			path = "Preview Content";
			sourceTree = "<group>";
		};
		86CEC1C1292BEE8A004F0ACF /* Components */ = {
			isa = PBXGroup;
			children = (
				6765BCE629281F14003E3442 /* DefaultButtonView.swift */,
				6737C1D12937D819005F76DC /* MealTypeButton.swift */,
			);
			name = Components;
			sourceTree = "<group>";
		};
		9F7B143229256790008EAFA8 /* Extensions */ = {
			isa = PBXGroup;
			children = (
				9F7B142F29256390008EAFA8 /* Color+AppColors.swift */,
				9F11D202292745DB00AD752E /* Image+AppImages.swift */,
				67704E422926BE0900CC0FB5 /* TimeInterval+Minutes.swift */,
			);
			path = Extensions;
			sourceTree = "<group>";
		};
		9FE5DA0229266B7B0008CB21 /* Views */ = {
			isa = PBXGroup;
			children = (
				6766E84729369D530008949A /* HomeView.swift */,
				9F2FF0F229218B7C00D87E45 /* SuggestionView.swift */,
				9FF543322925737F00EE7A0B /* TransitionView.swift */,
				86B47AB629197D0A0095B1FA /* AnimationView.swift */,
				9F2B6438291ED1CC008BA2DB /* StopEatingView.swift */,
				868629F6291EBD1100EC7B2C /* ReminderView.swift */,
				9F11D200292741EB00AD752E /* TesteView.swift */,
				86CEC1C1292BEE8A004F0ACF /* Components */,
			);
			path = Views;
			sourceTree = "<group>";
		};
/* End PBXGroup section */

/* Begin PBXNativeTarget section */
		86B47AA829197D0A0095B1FA /* Challenge_Apple_Watch */ = {
			isa = PBXNativeTarget;
			buildConfigurationList = 86B47AC329197D0B0095B1FA /* Build configuration list for PBXNativeTarget "Challenge_Apple_Watch" */;
			buildPhases = (
				86B47AA729197D0A0095B1FA /* Resources */,
				86B47AC229197D0B0095B1FA /* Embed Watch Content */,
			);
			buildRules = (
			);
			dependencies = (
				86B47AB229197D0A0095B1FA /* PBXTargetDependency */,
			);
			name = Challenge_Apple_Watch;
			productName = Challenge_Apple_Watch;
			productReference = 86B47AA929197D0A0095B1FA /* Challenge_Apple_Watch.app */;
			productType = "com.apple.product-type.application.watchapp2-container";
		};
		86B47AAE29197D0A0095B1FA /* Challenge_Apple_Watch Watch App */ = {
			isa = PBXNativeTarget;
			buildConfigurationList = 86B47ABF29197D0B0095B1FA /* Build configuration list for PBXNativeTarget "Challenge_Apple_Watch Watch App" */;
			buildPhases = (
				86B47AAB29197D0A0095B1FA /* Sources */,
				86B47AAC29197D0A0095B1FA /* Frameworks */,
				86B47AAD29197D0A0095B1FA /* Resources */,
			);
			buildRules = (
			);
			dependencies = (
			);
			name = "Challenge_Apple_Watch Watch App";
			productName = "Challenge_Apple_Watch Watch App";
			productReference = 86B47AAF29197D0A0095B1FA /* Appreciate.app */;
			productType = "com.apple.product-type.application";
		};
/* End PBXNativeTarget section */

/* Begin PBXProject section */
		86B47AA329197D0A0095B1FA /* Project object */ = {
			isa = PBXProject;
			attributes = {
				BuildIndependentTargetsInParallel = 1;
				LastSwiftUpdateCheck = 1410;
				LastUpgradeCheck = 1410;
				TargetAttributes = {
					86B47AA829197D0A0095B1FA = {
						CreatedOnToolsVersion = 14.1;
					};
					86B47AAE29197D0A0095B1FA = {
						CreatedOnToolsVersion = 14.1;
					};
				};
			};
			buildConfigurationList = 86B47AA629197D0A0095B1FA /* Build configuration list for PBXProject "Challenge_Apple_Watch" */;
			compatibilityVersion = "Xcode 14.0";
			developmentRegion = "pt-BR";
			hasScannedForEncodings = 0;
			knownRegions = (
				Base,
				"pt-BR",
			);
			mainGroup = 86B47AA229197D0A0095B1FA;
			productRefGroup = 86B47AAA29197D0A0095B1FA /* Products */;
			projectDirPath = "";
			projectRoot = "";
			targets = (
				86B47AA829197D0A0095B1FA /* Challenge_Apple_Watch */,
				86B47AAE29197D0A0095B1FA /* Challenge_Apple_Watch Watch App */,
			);
		};
/* End PBXProject section */

/* Begin PBXResourcesBuildPhase section */
		86B47AA729197D0A0095B1FA /* Resources */ = {
			isa = PBXResourcesBuildPhase;
			buildActionMask = 2147483647;
			files = (
				6766E840292D62B90008949A /* Assets.xcassets in Resources */,
			);
			runOnlyForDeploymentPostprocessing = 0;
		};
		86B47AAD29197D0A0095B1FA /* Resources */ = {
			isa = PBXResourcesBuildPhase;
			buildActionMask = 2147483647;
			files = (
				86B47ABC29197D0B0095B1FA /* Preview Assets.xcassets in Resources */,
				86B47AB929197D0B0095B1FA /* Assets.xcassets in Resources */,
			);
			runOnlyForDeploymentPostprocessing = 0;
		};
/* End PBXResourcesBuildPhase section */

/* Begin PBXSourcesBuildPhase section */
		86B47AAB29197D0A0095B1FA /* Sources */ = {
			isa = PBXSourcesBuildPhase;
			buildActionMask = 2147483647;
			files = (
				9F11D201292741EB00AD752E /* TesteView.swift in Sources */,
				86B47AB729197D0A0095B1FA /* AnimationView.swift in Sources */,
				9F2FF0F329218B7C00D87E45 /* SuggestionView.swift in Sources */,
				67704E412926B49100CC0FB5 /* EatingTime.swift in Sources */,
				86B47AB529197D0A0095B1FA /* Challenge_Apple_WatchApp.swift in Sources */,
				6766E84829369D530008949A /* HomeView.swift in Sources */,
				6737C1D42938155F005F76DC /* Advice.swift in Sources */,
				6737C1D729384C9A005F76DC /* MealDAO.swift in Sources */,
				868629F7291EBD1100EC7B2C /* ReminderView.swift in Sources */,
				6737C1D22937D819005F76DC /* MealTypeButton.swift in Sources */,
				6766E84229367E0D0008949A /* Meal.swift in Sources */,
				6766E846293687C70008949A /* EatingAdvice.swift in Sources */,
				9FF543332925737F00EE7A0B /* TransitionView.swift in Sources */,
				9F7B143029256390008EAFA8 /* Color+AppColors.swift in Sources */,
				67704E432926BE0900CC0FB5 /* TimeInterval+Minutes.swift in Sources */,
				6765BCE729281F14003E3442 /* DefaultButtonView.swift in Sources */,
				9F11D203292745DB00AD752E /* Image+AppImages.swift in Sources */,
				67366970292825FA002F715E /* AppreciateTips.swift in Sources */,
				6766E844293685D00008949A /* MealType.swift in Sources */,
				9F2B6439291ED1CC008BA2DB /* StopEatingView.swift in Sources */,
			);
			runOnlyForDeploymentPostprocessing = 0;
		};
/* End PBXSourcesBuildPhase section */

/* Begin PBXTargetDependency section */
		86B47AB229197D0A0095B1FA /* PBXTargetDependency */ = {
			isa = PBXTargetDependency;
			target = 86B47AAE29197D0A0095B1FA /* Challenge_Apple_Watch Watch App */;
			targetProxy = 86B47AB129197D0A0095B1FA /* PBXContainerItemProxy */;
		};
/* End PBXTargetDependency section */

/* Begin XCBuildConfiguration section */
		86B47ABD29197D0B0095B1FA /* Debug */ = {
			isa = XCBuildConfiguration;
			buildSettings = {
				ALWAYS_SEARCH_USER_PATHS = NO;
				CLANG_ANALYZER_NONNULL = YES;
				CLANG_ANALYZER_NUMBER_OBJECT_CONVERSION = YES_AGGRESSIVE;
				CLANG_CXX_LANGUAGE_STANDARD = "gnu++20";
				CLANG_ENABLE_MODULES = YES;
				CLANG_ENABLE_OBJC_ARC = YES;
				CLANG_ENABLE_OBJC_WEAK = YES;
				CLANG_WARN_BLOCK_CAPTURE_AUTORELEASING = YES;
				CLANG_WARN_BOOL_CONVERSION = YES;
				CLANG_WARN_COMMA = YES;
				CLANG_WARN_CONSTANT_CONVERSION = YES;
				CLANG_WARN_DEPRECATED_OBJC_IMPLEMENTATIONS = YES;
				CLANG_WARN_DIRECT_OBJC_ISA_USAGE = YES_ERROR;
				CLANG_WARN_DOCUMENTATION_COMMENTS = YES;
				CLANG_WARN_EMPTY_BODY = YES;
				CLANG_WARN_ENUM_CONVERSION = YES;
				CLANG_WARN_INFINITE_RECURSION = YES;
				CLANG_WARN_INT_CONVERSION = YES;
				CLANG_WARN_NON_LITERAL_NULL_CONVERSION = YES;
				CLANG_WARN_OBJC_IMPLICIT_RETAIN_SELF = YES;
				CLANG_WARN_OBJC_LITERAL_CONVERSION = YES;
				CLANG_WARN_OBJC_ROOT_CLASS = YES_ERROR;
				CLANG_WARN_QUOTED_INCLUDE_IN_FRAMEWORK_HEADER = YES;
				CLANG_WARN_RANGE_LOOP_ANALYSIS = YES;
				CLANG_WARN_STRICT_PROTOTYPES = YES;
				CLANG_WARN_SUSPICIOUS_MOVE = YES;
				CLANG_WARN_UNGUARDED_AVAILABILITY = YES_AGGRESSIVE;
				CLANG_WARN_UNREACHABLE_CODE = YES;
				CLANG_WARN__DUPLICATE_METHOD_MATCH = YES;
				COPY_PHASE_STRIP = NO;
				DEBUG_INFORMATION_FORMAT = dwarf;
				ENABLE_STRICT_OBJC_MSGSEND = YES;
				ENABLE_TESTABILITY = YES;
				GCC_C_LANGUAGE_STANDARD = gnu11;
				GCC_DYNAMIC_NO_PIC = NO;
				GCC_NO_COMMON_BLOCKS = YES;
				GCC_OPTIMIZATION_LEVEL = 0;
				GCC_PREPROCESSOR_DEFINITIONS = (
					"DEBUG=1",
					"$(inherited)",
				);
				GCC_WARN_64_TO_32_BIT_CONVERSION = YES;
				GCC_WARN_ABOUT_RETURN_TYPE = YES_ERROR;
				GCC_WARN_UNDECLARED_SELECTOR = YES;
				GCC_WARN_UNINITIALIZED_AUTOS = YES_AGGRESSIVE;
				GCC_WARN_UNUSED_FUNCTION = YES;
				GCC_WARN_UNUSED_VARIABLE = YES;
				MTL_ENABLE_DEBUG_INFO = INCLUDE_SOURCE;
				MTL_FAST_MATH = YES;
				ONLY_ACTIVE_ARCH = YES;
				SWIFT_ACTIVE_COMPILATION_CONDITIONS = DEBUG;
				SWIFT_OPTIMIZATION_LEVEL = "-Onone";
			};
			name = Debug;
		};
		86B47ABE29197D0B0095B1FA /* Release */ = {
			isa = XCBuildConfiguration;
			buildSettings = {
				ALWAYS_SEARCH_USER_PATHS = NO;
				CLANG_ANALYZER_NONNULL = YES;
				CLANG_ANALYZER_NUMBER_OBJECT_CONVERSION = YES_AGGRESSIVE;
				CLANG_CXX_LANGUAGE_STANDARD = "gnu++20";
				CLANG_ENABLE_MODULES = YES;
				CLANG_ENABLE_OBJC_ARC = YES;
				CLANG_ENABLE_OBJC_WEAK = YES;
				CLANG_WARN_BLOCK_CAPTURE_AUTORELEASING = YES;
				CLANG_WARN_BOOL_CONVERSION = YES;
				CLANG_WARN_COMMA = YES;
				CLANG_WARN_CONSTANT_CONVERSION = YES;
				CLANG_WARN_DEPRECATED_OBJC_IMPLEMENTATIONS = YES;
				CLANG_WARN_DIRECT_OBJC_ISA_USAGE = YES_ERROR;
				CLANG_WARN_DOCUMENTATION_COMMENTS = YES;
				CLANG_WARN_EMPTY_BODY = YES;
				CLANG_WARN_ENUM_CONVERSION = YES;
				CLANG_WARN_INFINITE_RECURSION = YES;
				CLANG_WARN_INT_CONVERSION = YES;
				CLANG_WARN_NON_LITERAL_NULL_CONVERSION = YES;
				CLANG_WARN_OBJC_IMPLICIT_RETAIN_SELF = YES;
				CLANG_WARN_OBJC_LITERAL_CONVERSION = YES;
				CLANG_WARN_OBJC_ROOT_CLASS = YES_ERROR;
				CLANG_WARN_QUOTED_INCLUDE_IN_FRAMEWORK_HEADER = YES;
				CLANG_WARN_RANGE_LOOP_ANALYSIS = YES;
				CLANG_WARN_STRICT_PROTOTYPES = YES;
				CLANG_WARN_SUSPICIOUS_MOVE = YES;
				CLANG_WARN_UNGUARDED_AVAILABILITY = YES_AGGRESSIVE;
				CLANG_WARN_UNREACHABLE_CODE = YES;
				CLANG_WARN__DUPLICATE_METHOD_MATCH = YES;
				COPY_PHASE_STRIP = NO;
				DEBUG_INFORMATION_FORMAT = "dwarf-with-dsym";
				ENABLE_NS_ASSERTIONS = NO;
				ENABLE_STRICT_OBJC_MSGSEND = YES;
				GCC_C_LANGUAGE_STANDARD = gnu11;
				GCC_NO_COMMON_BLOCKS = YES;
				GCC_WARN_64_TO_32_BIT_CONVERSION = YES;
				GCC_WARN_ABOUT_RETURN_TYPE = YES_ERROR;
				GCC_WARN_UNDECLARED_SELECTOR = YES;
				GCC_WARN_UNINITIALIZED_AUTOS = YES_AGGRESSIVE;
				GCC_WARN_UNUSED_FUNCTION = YES;
				GCC_WARN_UNUSED_VARIABLE = YES;
				MTL_ENABLE_DEBUG_INFO = NO;
				MTL_FAST_MATH = YES;
				SWIFT_COMPILATION_MODE = wholemodule;
				SWIFT_OPTIMIZATION_LEVEL = "-O";
			};
			name = Release;
		};
		86B47AC029197D0B0095B1FA /* Debug */ = {
			isa = XCBuildConfiguration;
			buildSettings = {
				ASSETCATALOG_COMPILER_APPICON_NAME = AppIcon;
				ASSETCATALOG_COMPILER_GLOBAL_ACCENT_COLOR_NAME = AccentColor;
				CODE_SIGN_IDENTITY = "Apple Development";
				CODE_SIGN_STYLE = Automatic;
				CURRENT_PROJECT_VERSION = 3;
				DEVELOPMENT_ASSET_PATHS = "\"Challenge_Apple_Watch Watch App/Preview Content\"";
				DEVELOPMENT_TEAM = A7SRF7ZP35;
				ENABLE_PREVIEWS = YES;
				GENERATE_INFOPLIST_FILE = YES;
				INFOPLIST_KEY_UISupportedInterfaceOrientations = "UIInterfaceOrientationPortrait UIInterfaceOrientationPortraitUpsideDown";
				INFOPLIST_KEY_WKWatchOnly = YES;
				LD_RUNPATH_SEARCH_PATHS = (
					"$(inherited)",
					"@executable_path/Frameworks",
				);
				MARKETING_VERSION = 1.1;
				PRODUCT_BUNDLE_IDENTIFIER = com.anne.Appreciate.watch;
				PRODUCT_NAME = Appreciate;
				PROVISIONING_PROFILE_SPECIFIER = "";
				SDKROOT = watchos;
				SKIP_INSTALL = YES;
				SWIFT_EMIT_LOC_STRINGS = YES;
				SWIFT_VERSION = 5.0;
				TARGETED_DEVICE_FAMILY = 4;
				WATCHOS_DEPLOYMENT_TARGET = 9.0;
			};
			name = Debug;
		};
		86B47AC129197D0B0095B1FA /* Release */ = {
			isa = XCBuildConfiguration;
			buildSettings = {
				ASSETCATALOG_COMPILER_APPICON_NAME = AppIcon;
				ASSETCATALOG_COMPILER_GLOBAL_ACCENT_COLOR_NAME = AccentColor;
				CODE_SIGN_IDENTITY = "Apple Development";
				CODE_SIGN_STYLE = Automatic;
				CURRENT_PROJECT_VERSION = 3;
				DEVELOPMENT_ASSET_PATHS = "\"Challenge_Apple_Watch Watch App/Preview Content\"";
				DEVELOPMENT_TEAM = A7SRF7ZP35;
				ENABLE_PREVIEWS = YES;
				GENERATE_INFOPLIST_FILE = YES;
				INFOPLIST_KEY_UISupportedInterfaceOrientations = "UIInterfaceOrientationPortrait UIInterfaceOrientationPortraitUpsideDown";
				INFOPLIST_KEY_WKWatchOnly = YES;
				LD_RUNPATH_SEARCH_PATHS = (
					"$(inherited)",
					"@executable_path/Frameworks",
				);
				MARKETING_VERSION = 1.1;
				PRODUCT_BUNDLE_IDENTIFIER = com.anne.Appreciate.watch;
				PRODUCT_NAME = Appreciate;
				PROVISIONING_PROFILE_SPECIFIER = "";
				SDKROOT = watchos;
				SKIP_INSTALL = YES;
				SWIFT_EMIT_LOC_STRINGS = YES;
				SWIFT_VERSION = 5.0;
				TARGETED_DEVICE_FAMILY = 4;
				VALIDATE_PRODUCT = YES;
				WATCHOS_DEPLOYMENT_TARGET = 9.0;
			};
			name = Release;
		};
		86B47AC429197D0B0095B1FA /* Debug */ = {
			isa = XCBuildConfiguration;
			buildSettings = {
				ALWAYS_EMBED_SWIFT_STANDARD_LIBRARIES = YES;
				ASSETCATALOG_COMPILER_INCLUDE_ALL_APPICON_ASSETS = NO;
				CODE_SIGN_IDENTITY = "Apple Development";
				CODE_SIGN_STYLE = Automatic;
				CURRENT_PROJECT_VERSION = 3;
				DEVELOPMENT_TEAM = A7SRF7ZP35;
				INFOPLIST_KEY_CFBundleDisplayName = Challenge_Apple_Watch;
				INFOPLIST_KEY_WKWatchOnly = YES;
				MARKETING_VERSION = 1.1.2;
				PRODUCT_BUNDLE_IDENTIFIER = com.iago.Appreciate;
				PRODUCT_NAME = "$(TARGET_NAME)";
				PROVISIONING_PROFILE_SPECIFIER = "";
				SDKROOT = iphoneos;
				SWIFT_VERSION = 5.0;
			};
			name = Debug;
		};
		86B47AC529197D0B0095B1FA /* Release */ = {
			isa = XCBuildConfiguration;
			buildSettings = {
				ALWAYS_EMBED_SWIFT_STANDARD_LIBRARIES = YES;
				ASSETCATALOG_COMPILER_INCLUDE_ALL_APPICON_ASSETS = NO;
				CODE_SIGN_IDENTITY = "Apple Development";
				CODE_SIGN_STYLE = Automatic;
				CURRENT_PROJECT_VERSION = 3;
				DEVELOPMENT_TEAM = A7SRF7ZP35;
				INFOPLIST_KEY_CFBundleDisplayName = Challenge_Apple_Watch;
				INFOPLIST_KEY_WKWatchOnly = YES;
				MARKETING_VERSION = 1.1.2;
				PRODUCT_BUNDLE_IDENTIFIER = com.iago.Appreciate;
				PRODUCT_NAME = "$(TARGET_NAME)";
				PROVISIONING_PROFILE_SPECIFIER = "";
				SDKROOT = iphoneos;
				SWIFT_VERSION = 5.0;
				VALIDATE_PRODUCT = YES;
			};
			name = Release;
		};
/* End XCBuildConfiguration section */

/* Begin XCConfigurationList section */
		86B47AA629197D0A0095B1FA /* Build configuration list for PBXProject "Challenge_Apple_Watch" */ = {
			isa = XCConfigurationList;
			buildConfigurations = (
				86B47ABD29197D0B0095B1FA /* Debug */,
				86B47ABE29197D0B0095B1FA /* Release */,
			);
			defaultConfigurationIsVisible = 0;
			defaultConfigurationName = Release;
		};
		86B47ABF29197D0B0095B1FA /* Build configuration list for PBXNativeTarget "Challenge_Apple_Watch Watch App" */ = {
			isa = XCConfigurationList;
			buildConfigurations = (
				86B47AC029197D0B0095B1FA /* Debug */,
				86B47AC129197D0B0095B1FA /* Release */,
			);
			defaultConfigurationIsVisible = 0;
			defaultConfigurationName = Release;
		};
		86B47AC329197D0B0095B1FA /* Build configuration list for PBXNativeTarget "Challenge_Apple_Watch" */ = {
			isa = XCConfigurationList;
			buildConfigurations = (
				86B47AC429197D0B0095B1FA /* Debug */,
				86B47AC529197D0B0095B1FA /* Release */,
			);
			defaultConfigurationIsVisible = 0;
			defaultConfigurationName = Release;
		};
/* End XCConfigurationList section */
	};
	rootObject = 86B47AA329197D0A0095B1FA /* Project object */;
}
